github.com/gethinode/mod-clarity v1.1.0 h1:00h2iBqCiN7hTy6MVQEpIlLGR4kFllTgsE0jGUBFkmc=
github.com/gethinode/mod-clarity v1.1.0/go.mod h1:9Wyj9vj95jqtZLuu3cBWl2DIkS0G0epfG/bZkaqrR8I=
github.com/gethinode/mod-clarity v1.1.1 h1:VrTmBCQcQiIEgKWSzjGIn2rFDjWcyIQBlcUC5U+En40=
github.com/gethinode/mod-clarity v1.1.1/go.mod h1:9Wyj9vj95jqtZLuu3cBWl2DIkS0G0epfG/bZkaqrR8I=
github.com/gethinode/mod-utils/v2 v2.8.5 h1:e71ncO2NYpum7JTdNTwb0lw8aDe8Zc64Ehjavy8x9xM=
github.com/gethinode/mod-utils/v2 v2.8.5/go.mod h1:GTYeknoLujNjfDxI+V9Dcug26CYJSTJ0B/U2dagw9oY=
github.com/gethinode/mod-utils/v2 v2.8.6 h1:gtTtL37YPq1n/POIzbj40aYOg1VaZq8IjqwSf2V5yo0=
github.com/gethinode/mod-utils/v2 v2.8.6/go.mod h1:GTYeknoLujNjfDxI+V9Dcug26CYJSTJ0B/U2dagw9oY=
github.com/gethinode/mod-utils/v2 v2.9.0 h1:IGaYO+DNo7CcplyAUJASP1sf10/EqiG8sVVM1Q4SJKc=
github.com/gethinode/mod-utils/v2 v2.9.0/go.mod h1:GTYeknoLujNjfDxI+V9Dcug26CYJSTJ0B/U2dagw9oY=
github.com/gethinode/mod-utils/v2 v2.10.0 h1:2GN6f3wcu/TlbzPD6DFlWyx+KomXz6LnBv7mfPIXB6o=
github.com/gethinode/mod-utils/v2 v2.10.0/go.mod h1:GTYeknoLujNjfDxI+V9Dcug26CYJSTJ0B/U2dagw9oY=
github.com/gethinode/mod-utils/v4 v4.5.0 h1:p6sDsMNA/KE2IK3SPdWjFX3cPAwPP5gDxzJu2tIWYl4=
github.com/gethinode/mod-utils/v4 v4.5.0/go.mod h1:bYmvRdAo4ICy5MpSGafDvO4p5bTDpsDKFCPL3bH0mN4=
github.com/gethinode/mod-utils/v4 v4.5.1 h1:VKmqi6+oC93noHUJ6HvFlelglHT/9+kXQjpJs7VtWko=
github.com/gethinode/mod-utils/v4 v4.5.1/go.mod h1:bYmvRdAo4ICy5MpSGafDvO4p5bTDpsDKFCPL3bH0mN4=
